
Microsoft Visual Studio Solution File, Format Version 12.00
# Visual Studio Version 17
VisualStudioVersion = 17.3.32819.101
MinimumVisualStudioVersion = 10.0.40219.1
Project("{9A19103F-16F7-4668-BE54-9A1E7A4F7556}") = "lab", "lab\lab.csproj", "{1FE2C084-99A3-4F27-96A0-9143373DE451}"
EndProject
Project("{9A19103F-16F7-4668-BE54-9A1E7A4F7556}") = "GameLib", "GameLib\GameLib.csproj", "{470123AF-ACE3-4E92-8EBC-AF07FD82BDE1}"
EndProject
Project("{9A19103F-16F7-4668-BE54-9A1E7A4F7556}") = "DishLib", "..\DishLib\DishLib\DishLib.csproj", "{458C79B2-CE77-4353-86E9-09580BC5C23E}"
EndProject
Project("{FAE04EC0-301F-11D3-BF4B-00C04F79EFBC}") = "UnitTests", "UnitTests\UnitTests.csproj", "{9A7611AD-BFCD-4BE0-B5A4-855DB76C642E}"
EndProject
Global
	GlobalSection(SolutionConfigurationPlatforms) = preSolution
		Debug|Any CPU = Debug|Any CPU
		Release|Any CPU = Release|Any CPU
	EndGlobalSection
	GlobalSection(ProjectConfigurationPlatforms) = postSolution
		{1FE2C084-99A3-4F27-96A0-9143373DE451}.Debug|Any CPU.ActiveCfg = Debug|Any CPU
		{1FE2C084-99A3-4F27-96A0-9143373DE451}.Debug|Any CPU.Build.0 = Debug|Any CPU
		{1FE2C084-99A3-4F27-96A0-9143373DE451}.Release|Any CPU.ActiveCfg = Release|Any CPU
		{1FE2C084-99A3-4F27-96A0-9143373DE451}.Release|Any CPU.Build.0 = Release|Any CPU
		{470123AF-ACE3-4E92-8EBC-AF07FD82BDE1}.Debug|Any CPU.ActiveCfg = Debug|Any CPU
		{470123AF-ACE3-4E92-8EBC-AF07FD82BDE1}.Debug|Any CPU.Build.0 = Debug|Any CPU
		{470123AF-ACE3-4E92-8EBC-AF07FD82BDE1}.Release|Any CPU.ActiveCfg = Release|Any CPU
		{470123AF-ACE3-4E92-8EBC-AF07FD82BDE1}.Release|Any CPU.Build.0 = Release|Any CPU
		{458C79B2-CE77-4353-86E9-09580BC5C23E}.Debug|Any CPU.ActiveCfg = Debug|Any CPU
		{458C79B2-CE77-4353-86E9-09580BC5C23E}.Debug|Any CPU.Build.0 = Debug|Any CPU
		{458C79B2-CE77-4353-86E9-09580BC5C23E}.Release|Any CPU.ActiveCfg = Release|Any CPU
		{458C79B2-CE77-4353-86E9-09580BC5C23E}.Release|Any CPU.Build.0 = Release|Any CPU
		{9A7611AD-BFCD-4BE0-B5A4-855DB76C642E}.Debug|Any CPU.ActiveCfg = Debug|Any CPU
		{9A7611AD-BFCD-4BE0-B5A4-855DB76C642E}.Debug|Any CPU.Build.0 = Debug|Any CPU
		{9A7611AD-BFCD-4BE0-B5A4-855DB76C642E}.Release|Any CPU.ActiveCfg = Release|Any CPU
		{9A7611AD-BFCD-4BE0-B5A4-855DB76C642E}.Release|Any CPU.Build.0 = Release|Any CPU
	EndGlobalSection
	GlobalSection(SolutionProperties) = preSolution
		HideSolutionNode = FALSE
	EndGlobalSection
	GlobalSection(ExtensibilityGlobals) = postSolution
		SolutionGuid = {4A8131AE-CC98-4DE7-A971-8B8883FAF723}
	EndGlobalSection
EndGlobal
